
Microsoft Visual Studio Solution File, Format Version 12.00
# Visual Studio Version 18
VisualStudioVersion = 18.2.11408.102 d18.0
MinimumVisualStudioVersion = 10.0.40219.1
Project("{FAE04EC0-301F-11D3-BF4B-00C04F79EFBC}") = "tinhtoandamsan", "Example_MVVM_TinhToanDam\tinhtoandamsan.csproj", "{198E229B-ED6E-4809-9547-F563B50C48CA}"
EndProject
Global
	GlobalSection(SolutionConfigurationPlatforms) = preSolution
		Debug|Any CPU = Debug|Any CPU
		Release|Any CPU = Release|Any CPU
	EndGlobalSection
	GlobalSection(ProjectConfigurationPlatforms) = postSolution
		{198E229B-ED6E-4809-9547-F563B50C48CA}.Debug|Any CPU.ActiveCfg = Debug|Any CPU
		{198E229B-ED6E-4809-9547-F563B50C48CA}.Debug|Any CPU.Build.0 = Debug|Any CPU
		{198E229B-ED6E-4809-9547-F563B50C48CA}.Release|Any CPU.ActiveCfg = Release|Any CPU
		{198E229B-ED6E-4809-9547-F563B50C48CA}.Release|Any CPU.Build.0 = Release|Any CPU
	EndGlobalSection
	GlobalSection(SolutionProperties) = preSolution
		HideSolutionNode = FALSE
	EndGlobalSection
	GlobalSection(ExtensibilityGlobals) = postSolution
		SolutionGuid = {A7E784AA-01F1-4971-80BA-57AA3D297041}
	EndGlobalSection
EndGlobal
